// !$*UTF8*$!
{
	archiveVersion = 1;
	classes = {
	};
	objectVersion = 50;
	objects = {

/* Begin PBXBuildFile section */
		04DB9C1022B223CF00D316E6 /* AppDelegate.swift in Sources */ = {isa = PBXBuildFile; fileRef = 04DB9C0F22B223CF00D316E6 /* AppDelegate.swift */; };
		04DB9C1222B223CF00D316E6 /* ViewController.swift in Sources */ = {isa = PBXBuildFile; fileRef = 04DB9C1122B223CF00D316E6 /* ViewController.swift */; };
		04DB9C1522B223CF00D316E6 /* Main.storyboard in Resources */ = {isa = PBXBuildFile; fileRef = 04DB9C1322B223CF00D316E6 /* Main.storyboard */; };
		04DB9C1722B223D000D316E6 /* Assets.xcassets in Resources */ = {isa = PBXBuildFile; fileRef = 04DB9C1622B223D000D316E6 /* Assets.xcassets */; };
		04DB9C1A22B223D000D316E6 /* LaunchScreen.storyboard in Resources */ = {isa = PBXBuildFile; fileRef = 04DB9C1822B223D000D316E6 /* LaunchScreen.storyboard */; };
		04DB9C2522B223D000D316E6 /* ProtocolAndDelegate_1Tests.swift in Sources */ = {isa = PBXBuildFile; fileRef = 04DB9C2422B223D000D316E6 /* ProtocolAndDelegate_1Tests.swift */; };
		04DB9C3022B223D000D316E6 /* ProtocolAndDelegate_1UITests.swift in Sources */ = {isa = PBXBuildFile; fileRef = 04DB9C2F22B223D000D316E6 /* ProtocolAndDelegate_1UITests.swift */; };
		04DB9C3E22B2244C00D316E6 /* secondViewController.swift in Sources */ = {isa = PBXBuildFile; fileRef = 04DB9C3D22B2244C00D316E6 /* secondViewController.swift */; };
/* End PBXBuildFile section */

/* Begin PBXContainerItemProxy section */
		04DB9C2122B223D000D316E6 /* PBXContainerItemProxy */ = {
			isa = PBXContainerItemProxy;
			containerPortal = 04DB9C0422B223CF00D316E6 /* Project object */;
			proxyType = 1;
			remoteGlobalIDString = 04DB9C0B22B223CF00D316E6;
			remoteInfo = ProtocolAndDelegate_1;
		};
		04DB9C2C22B223D000D316E6 /* PBXContainerItemProxy */ = {
			isa = PBXContainerItemProxy;
			containerPortal = 04DB9C0422B223CF00D316E6 /* Project object */;
			proxyType = 1;
			remoteGlobalIDString = 04DB9C0B22B223CF00D316E6;
			remoteInfo = ProtocolAndDelegate_1;
		};
/* End PBXContainerItemProxy section */

/* Begin PBXFileReference section */
		04DB9C0C22B223CF00D316E6 /* ProtocolAndDelegate_1.app */ = {isa = PBXFileReference; explicitFileType = wrapper.application; includeInIndex = 0; path = ProtocolAndDelegate_1.app; sourceTree = BUILT_PRODUCTS_DIR; };
		04DB9C0F22B223CF00D316E6 /* AppDelegate.swift */ = {isa = PBXFileReference; lastKnownFileType = sourcecode.swift; path = AppDelegate.swift; sourceTree = "<group>"; };
		04DB9C1122B223CF00D316E6 /* ViewController.swift */ = {isa = PBXFileReference; lastKnownFileType = sourcecode.swift; path = ViewController.swift; sourceTree = "<group>"; };
		04DB9C1422B223CF00D316E6 /* Base */ = {isa = PBXFileReference; lastKnownFileType = file.storyboard; name = Base; path = Base.lproj/Main.storyboard; sourceTree = "<group>"; };
		04DB9C1622B223D000D316E6 /* Assets.xcassets */ = {isa = PBXFileReference; lastKnownFileType = folder.assetcatalog; path = Assets.xcassets; sourceTree = "<group>"; };
		04DB9C1922B223D000D316E6 /* Base */ = {isa = PBXFileReference; lastKnownFileType = file.storyboard; name = Base; path = Base.lproj/LaunchScreen.storyboard; sourceTree = "<group>"; };
		04DB9C1B22B223D000D316E6 /* Info.plist */ = {isa = PBXFileReference; lastKnownFileType = text.plist.xml; path = Info.plist; sourceTree = "<group>"; };
		04DB9C2022B223D000D316E6 /* ProtocolAndDelegate_1Tests.xctest */ = {isa = PBXFileReference; explicitFileType = wrapper.cfbundle; includeInIndex = 0; path = ProtocolAndDelegate_1Tests.xctest; sourceTree = BUILT_PRODUCTS_DIR; };
		04DB9C2422B223D000D316E6 /* ProtocolAndDelegate_1Tests.swift */ = {isa = PBXFileReference; lastKnownFileType = sourcecode.swift; path = ProtocolAndDelegate_1Tests.swift; sourceTree = "<group>"; };
		04DB9C2622B223D000D316E6 /* Info.plist */ = {isa = PBXFileReference; lastKnownFileType = text.plist.xml; path = Info.plist; sourceTree = "<group>"; };
		04DB9C2B22B223D000D316E6 /* ProtocolAndDelegate_1UITests.xctest */ = {isa = PBXFileReference; explicitFileType = wrapper.cfbundle; includeInIndex = 0; path = ProtocolAndDelegate_1UITests.xctest; sourceTree = BUILT_PRODUCTS_DIR; };
		04DB9C2F22B223D000D316E6 /* ProtocolAndDelegate_1UITests.swift */ = {isa = PBXFileReference; lastKnownFileType = sourcecode.swift; path = ProtocolAndDelegate_1UITests.swift; sourceTree = "<group>"; };
		04DB9C3122B223D000D316E6 /* Info.plist */ = {isa = PBXFileReference; lastKnownFileType = text.plist.xml; path = Info.plist; sourceTree = "<group>"; };
		04DB9C3D22B2244C00D316E6 /* secondViewController.swift */ = {isa = PBXFileReference; lastKnownFileType = sourcecode.swift; path = secondViewController.swift; sourceTree = "<group>"; };
/* End PBXFileReference section */

/* Begin PBXFrameworksBuildPhase section */
		04DB9C0922B223CF00D316E6 /* Frameworks */ = {
			isa = PBXFrameworksBuildPhase;
			buildActionMask = 2147483647;
			files = (
			);
			runOnlyForDeploymentPostprocessing = 0;
		};
		04DB9C1D22B223D000D316E6 /* Frameworks */ = {
			isa = PBXFrameworksBuildPhase;
			buildActionMask = 2147483647;
			files = (
			);
			runOnlyForDeploymentPostprocessing = 0;
		};
		04DB9C2822B223D000D316E6 /* Frameworks */ = {
			isa = PBXFrameworksBuildPhase;
			buildActionMask = 2147483647;
			files = (
			);
			runOnlyForDeploymentPostprocessing = 0;
		};
/* End PBXFrameworksBuildPhase section */

/* Begin PBXGroup section */
		04DB9C0322B223CF00D316E6 = {
			isa = PBXGroup;
			children = (
				04DB9C0E22B223CF00D316E6 /* ProtocolAndDelegate_1 */,
				04DB9C2322B223D000D316E6 /* ProtocolAndDelegate_1Tests */,
				04DB9C2E22B223D000D316E6 /* ProtocolAndDelegate_1UITests */,
				04DB9C0D22B223CF00D316E6 /* Products */,
			);
			sourceTree = "<group>";
		};
		04DB9C0D22B223CF00D316E6 /* Products */ = {
			isa = PBXGroup;
			children = (
				04DB9C0C22B223CF00D316E6 /* ProtocolAndDelegate_1.app */,
				04DB9C2022B223D000D316E6 /* ProtocolAndDelegate_1Tests.xctest */,
				04DB9C2B22B223D000D316E6 /* ProtocolAndDelegate_1UITests.xctest */,
			);
			name = Products;
			sourceTree = "<group>";
		};
		04DB9C0E22B223CF00D316E6 /* ProtocolAndDelegate_1 */ = {
			isa = PBXGroup;
			children = (
				04DB9C0F22B223CF00D316E6 /* AppDelegate.swift */,
				04DB9C1122B223CF00D316E6 /* ViewController.swift */,
				04DB9C3D22B2244C00D316E6 /* secondViewController.swift */,
				04DB9C1322B223CF00D316E6 /* Main.storyboard */,
				04DB9C1622B223D000D316E6 /* Assets.xcassets */,
				04DB9C1822B223D000D316E6 /* LaunchScreen.storyboard */,
				04DB9C1B22B223D000D316E6 /* Info.plist */,
			);
			path = ProtocolAndDelegate_1;
			sourceTree = "<group>";
		};
		04DB9C2322B223D000D316E6 /* ProtocolAndDelegate_1Tests */ = {
			isa = PBXGroup;
			children = (
				04DB9C2422B223D000D316E6 /* ProtocolAndDelegate_1Tests.swift */,
				04DB9C2622B223D000D316E6 /* Info.plist */,
			);
			path = ProtocolAndDelegate_1Tests;
			sourceTree = "<group>";
		};
		04DB9C2E22B223D000D316E6 /* ProtocolAndDelegate_1UITests */ = {
			isa = PBXGroup;
			children = (
				04DB9C2F22B223D000D316E6 /* ProtocolAndDelegate_1UITests.swift */,
				04DB9C3122B223D000D316E6 /* Info.plist */,
			);
			path = ProtocolAndDelegate_1UITests;
			sourceTree = "<group>";
		};
/* End PBXGroup section */

/* Begin PBXNativeTarget section */
		04DB9C0B22B223CF00D316E6 /* ProtocolAndDelegate_1 */ = {
			isa = PBXNativeTarget;
			buildConfigurationList = 04DB9C3422B223D000D316E6 /* Build configuration list for PBXNativeTarget "ProtocolAndDelegate_1" */;
			buildPhases = (
				04DB9C0822B223CF00D316E6 /* Sources */,
				04DB9C0922B223CF00D316E6 /* Frameworks */,
				04DB9C0A22B223CF00D316E6 /* Resources */,
			);
			buildRules = (
			);
			dependencies = (
			);
			name = ProtocolAndDelegate_1;
			productName = ProtocolAndDelegate_1;
			productReference = 04DB9C0C22B223CF00D316E6 /* ProtocolAndDelegate_1.app */;
			productType = "com.apple.product-type.application";
		};
		04DB9C1F22B223D000D316E6 /* ProtocolAndDelegate_1Tests */ = {
			isa = PBXNativeTarget;
			buildConfigurationList = 04DB9C3722B223D000D316E6 /* Build configuration list for PBXNativeTarget "ProtocolAndDelegate_1Tests" */;
			buildPhases = (
				04DB9C1C22B223D000D316E6 /* Sources */,
				04DB9C1D22B223D000D316E6 /* Frameworks */,
				04DB9C1E22B223D000D316E6 /* Resources */,
			);
			buildRules = (
			);
			dependencies = (
				04DB9C2222B223D000D316E6 /* PBXTargetDependency */,
			);
			name = ProtocolAndDelegate_1Tests;
			productName = ProtocolAndDelegate_1Tests;
			productReference = 04DB9C2022B223D000D316E6 /* ProtocolAndDelegate_1Tests.xctest */;
			productType = "com.apple.product-type.bundle.unit-test";
		};
		04DB9C2A22B223D000D316E6 /* ProtocolAndDelegate_1UITests */ = {
			isa = PBXNativeTarget;
			buildConfigurationList = 04DB9C3A22B223D000D316E6 /* Build configuration list for PBXNativeTarget "ProtocolAndDelegate_1UITests" */;
			buildPhases = (
				04DB9C2722B223D000D316E6 /* Sources */,
				04DB9C2822B223D000D316E6 /* Frameworks */,
				04DB9C2922B223D000D316E6 /* Resources */,
			);
			buildRules = (
			);
			dependencies = (
				04DB9C2D22B223D000D316E6 /* PBXTargetDependency */,
			);
			name = ProtocolAndDelegate_1UITests;
			productName = ProtocolAndDelegate_1UITests;
			productReference = 04DB9C2B22B223D000D316E6 /* ProtocolAndDelegate_1UITests.xctest */;
			productType = "com.apple.product-type.bundle.ui-testing";
		};
/* End PBXNativeTarget section */

/* Begin PBXProject section */
		04DB9C0422B223CF00D316E6 /* Project object */ = {
			isa = PBXProject;
			attributes = {
				LastSwiftUpdateCheck = 0930;
				LastUpgradeCheck = 0930;
				ORGANIZATIONNAME = gammastack;
				TargetAttributes = {
					04DB9C0B22B223CF00D316E6 = {
						CreatedOnToolsVersion = 9.3;
					};
					04DB9C1F22B223D000D316E6 = {
						CreatedOnToolsVersion = 9.3;
						TestTargetID = 04DB9C0B22B223CF00D316E6;
					};
					04DB9C2A22B223D000D316E6 = {
						CreatedOnToolsVersion = 9.3;
						TestTargetID = 04DB9C0B22B223CF00D316E6;
					};
				};
			};
			buildConfigurationList = 04DB9C0722B223CF00D316E6 /* Build configuration list for PBXProject "ProtocolAndDelegate_1" */;
			compatibilityVersion = "Xcode 9.3";
			developmentRegion = en;
			hasScannedForEncodings = 0;
			knownRegions = (
				en,
				Base,
			);
			mainGroup = 04DB9C0322B223CF00D316E6;
			productRefGroup = 04DB9C0D22B223CF00D316E6 /* Products */;
			projectDirPath = "";
			projectRoot = "";
			targets = (
				04DB9C0B22B223CF00D316E6 /* ProtocolAndDelegate_1 */,
				04DB9C1F22B223D000D316E6 /* ProtocolAndDelegate_1Tests */,
				04DB9C2A22B223D000D316E6 /* ProtocolAndDelegate_1UITests */,
			);
		};
/* End PBXProject section */

/* Begin PBXResourcesBuildPhase section */
		04DB9C0A22B223CF00D316E6 /* Resources */ = {
			isa = PBXResourcesBuildPhase;
			buildActionMask = 2147483647;
			files = (
				04DB9C1A22B223D000D316E6 /* LaunchScreen.storyboard in Resources */,
				04DB9C1722B223D000D316E6 /* Assets.xcassets in Resources */,
				04DB9C1522B223CF00D316E6 /* Main.storyboard in Resources */,
			);
			runOnlyForDeploymentPostprocessing = 0;
		};
		04DB9C1E22B223D000D316E6 /* Resources */ = {
			isa = PBXResourcesBuildPhase;
			buildActionMask = 2147483647;
			files = (
			);
			runOnlyForDeploymentPostprocessing = 0;
		};
		04DB9C2922B223D000D316E6 /* Resources */ = {
			isa = PBXResourcesBuildPhase;
			buildActionMask = 2147483647;
			files = (
			);
			runOnlyForDeploymentPostprocessing = 0;
		};
/* End PBXResourcesBuildPhase section */

/* Begin PBXSourcesBuildPhase section */
		04DB9C0822B223CF00D316E6 /* Sources */ = {
			isa = PBXSourcesBuildPhase;
			buildActionMask = 2147483647;
			files = (
				04DB9C1222B223CF00D316E6 /* ViewController.swift in Sources */,
				04DB9C3E22B2244C00D316E6 /* secondViewController.swift in Sources */,
				04DB9C1022B223CF00D316E6 /* AppDelegate.swift in Sources */,
			);
			runOnlyForDeploymentPostprocessing = 0;
		};
		04DB9C1C22B223D000D316E6 /* Sources */ = {
			isa = PBXSourcesBuildPhase;
			buildActionMask = 2147483647;
			files = (
				04DB9C2522B223D000D316E6 /* ProtocolAndDelegate_1Tests.swift in Sources */,
			);
			runOnlyForDeploymentPostprocessing = 0;
		};
		04DB9C2722B223D000D316E6 /* Sources */ = {
			isa = PBXSourcesBuildPhase;
			buildActionMask = 2147483647;
			files = (
				04DB9C3022B223D000D316E6 /* ProtocolAndDelegate_1UITests.swift in Sources */,
			);
			runOnlyForDeploymentPostprocessing = 0;
		};
/* End PBXSourcesBuildPhase section */

/* Begin PBXTargetDependency section */
		04DB9C2222B223D000D316E6 /* PBXTargetDependency */ = {
			isa = PBXTargetDependency;
			target = 04DB9C0B22B223CF00D316E6 /* ProtocolAndDelegate_1 */;
			targetProxy = 04DB9C2122B223D000D316E6 /* PBXContainerItemProxy */;
		};
		04DB9C2D22B223D000D316E6 /* PBXTargetDependency */ = {
			isa = PBXTargetDependency;
			target = 04DB9C0B22B223CF00D316E6 /* ProtocolAndDelegate_1 */;
			targetProxy = 04DB9C2C22B223D000D316E6 /* PBXContainerItemProxy */;
		};
/* End PBXTargetDependency section */

/* Begin PBXVariantGroup section */
		04DB9C1322B223CF00D316E6 /* Main.storyboard */ = {
			isa = PBXVariantGroup;
			children = (
				04DB9C1422B223CF00D316E6 /* Base */,
			);
			name = Main.storyboard;
			sourceTree = "<group>";
		};
		04DB9C1822B223D000D316E6 /* LaunchScreen.storyboard */ = {
			isa = PBXVariantGroup;
			children = (
				04DB9C1922B223D000D316E6 /* Base */,
			);
			name = LaunchScreen.storyboard;
			sourceTree = "<group>";
		};
/* End PBXVariantGroup section */

/* Begin XCBuildConfiguration section */
		04DB9C3222B223D000D316E6 /* Debug */ = {
			isa = XCBuildConfiguration;
			buildSettings = {
				ALWAYS_SEARCH_USER_PATHS = NO;
				CLANG_ANALYZER_NONNULL = YES;
				CLANG_ANALYZER_NUMBER_OBJECT_CONVERSION = YES_AGGRESSIVE;
				CLANG_CXX_LANGUAGE_STANDARD = "gnu++14";
				CLANG_CXX_LIBRARY = "libc++";
				CLANG_ENABLE_MODULES = YES;
				CLANG_ENABLE_OBJC_ARC = YES;
				CLANG_ENABLE_OBJC_WEAK = YES;
				CLANG_WARN_BLOCK_CAPTURE_AUTORELEASING = YES;
				CLANG_WARN_BOOL_CONVERSION = YES;
				CLANG_WARN_COMMA = YES;
				CLANG_WARN_CONSTANT_CONVERSION = YES;
				CLANG_WARN_DEPRECATED_OBJC_IMPLEMENTATIONS = YES;
				CLANG_WARN_DIRECT_OBJC_ISA_USAGE = YES_ERROR;
				CLANG_WARN_DOCUMENTATION_COMMENTS = YES;
				CLANG_WARN_EMPTY_BODY = YES;
				CLANG_WARN_ENUM_CONVERSION = YES;
				CLANG_WARN_INFINITE_RECURSION = YES;
				CLANG_WARN_INT_CONVERSION = YES;
				CLANG_WARN_NON_LITERAL_NULL_CONVERSION = YES;
				CLANG_WARN_OBJC_IMPLICIT_RETAIN_SELF = YES;
				CLANG_WARN_OBJC_LITERAL_CONVERSION = YES;
				CLANG_WARN_OBJC_ROOT_CLASS = YES_ERROR;
				CLANG_WARN_RANGE_LOOP_ANALYSIS = YES;
				CLANG_WARN_STRICT_PROTOTYPES = YES;
				CLANG_WARN_SUSPICIOUS_MOVE = YES;
				CLANG_WARN_UNGUARDED_AVAILABILITY = YES_AGGRESSIVE;
				CLANG_WARN_UNREACHABLE_CODE = YES;
				CLANG_WARN__DUPLICATE_METHOD_MATCH = YES;
				CODE_SIGN_IDENTITY = "iPhone Developer";
				COPY_PHASE_STRIP = NO;
				DEBUG_INFORMATION_FORMAT = dwarf;
				ENABLE_STRICT_OBJC_MSGSEND = YES;
				ENABLE_TESTABILITY = YES;
				GCC_C_LANGUAGE_STANDARD = gnu11;
				GCC_DYNAMIC_NO_PIC = NO;
				GCC_NO_COMMON_BLOCKS = YES;
				GCC_OPTIMIZATION_LEVEL = 0;
				GCC_PREPROCESSOR_DEFINITIONS = (
					"DEBUG=1",
					"$(inherited)",
				);
				GCC_WARN_64_TO_32_BIT_CONVERSION = YES;
				GCC_WARN_ABOUT_RETURN_TYPE = YES_ERROR;
				GCC_WARN_UNDECLARED_SELECTOR = YES;
				GCC_WARN_UNINITIALIZED_AUTOS = YES_AGGRESSIVE;
				GCC_WARN_UNUSED_FUNCTION = YES;
				GCC_WARN_UNUSED_VARIABLE = YES;
				IPHONEOS_DEPLOYMENT_TARGET = 11.3;
				MTL_ENABLE_DEBUG_INFO = YES;
				ONLY_ACTIVE_ARCH = YES;
				SDKROOT = iphoneos;
				SWIFT_ACTIVE_COMPILATION_CONDITIONS = DEBUG;
				SWIFT_OPTIMIZATION_LEVEL = "-Onone";
			};
			name = Debug;
		};
		04DB9C3322B223D000D316E6 /* Release */ = {
			isa = XCBuildConfiguration;
			buildSettings = {
				ALWAYS_SEARCH_USER_PATHS = NO;
				CLANG_ANALYZER_NONNULL = YES;
				CLANG_ANALYZER_NUMBER_OBJECT_CONVERSION = YES_AGGRESSIVE;
				CLANG_CXX_LANGUAGE_STANDARD = "gnu++14";
				CLANG_CXX_LIBRARY = "libc++";
				CLANG_ENABLE_MODULES = YES;
				CLANG_ENABLE_OBJC_ARC = YES;
				CLANG_ENABLE_OBJC_WEAK = YES;
				CLANG_WARN_BLOCK_CAPTURE_AUTORELEASING = YES;
				CLANG_WARN_BOOL_CONVERSION = YES;
				CLANG_WARN_COMMA = YES;
				CLANG_WARN_CONSTANT_CONVERSION = YES;
				CLANG_WARN_DEPRECATED_OBJC_IMPLEMENTATIONS = YES;
				CLANG_WARN_DIRECT_OBJC_ISA_USAGE = YES_ERROR;
				CLANG_WARN_DOCUMENTATION_COMMENTS = YES;
				CLANG_WARN_EMPTY_BODY = YES;
				CLANG_WARN_ENUM_CONVERSION = YES;
				CLANG_WARN_INFINITE_RECURSION = YES;
				CLANG_WARN_INT_CONVERSION = YES;
				CLANG_WARN_NON_LITERAL_NULL_CONVERSION = YES;
				CLANG_WARN_OBJC_IMPLICIT_RETAIN_SELF = YES;
				CLANG_WARN_OBJC_LITERAL_CONVERSION = YES;
				CLANG_WARN_OBJC_ROOT_CLASS = YES_ERROR;
				CLANG_WARN_RANGE_LOOP_ANALYSIS = YES;
				CLANG_WARN_STRICT_PROTOTYPES = YES;
				CLANG_WARN_SUSPICIOUS_MOVE = YES;
				CLANG_WARN_UNGUARDED_AVAILABILITY = YES_AGGRESSIVE;
				CLANG_WARN_UNREACHABLE_CODE = YES;
				CLANG_WARN__DUPLICATE_METHOD_MATCH = YES;
				CODE_SIGN_IDENTITY = "iPhone Developer";
				COPY_PHASE_STRIP = NO;
				DEBUG_INFORMATION_FORMAT = "dwarf-with-dsym";
				ENABLE_NS_ASSERTIONS = NO;
				ENABLE_STRICT_OBJC_MSGSEND = YES;
				GCC_C_LANGUAGE_STANDARD = gnu11;
				GCC_NO_COMMON_BLOCKS = YES;
				GCC_WARN_64_TO_32_BIT_CONVERSION = YES;
				GCC_WARN_ABOUT_RETURN_TYPE = YES_ERROR;
				GCC_WARN_UNDECLARED_SELECTOR = YES;
				GCC_WARN_UNINITIALIZED_AUTOS = YES_AGGRESSIVE;
				GCC_WARN_UNUSED_FUNCTION = YES;
				GCC_WARN_UNUSED_VARIABLE = YES;
				IPHONEOS_DEPLOYMENT_TARGET = 11.3;
				MTL_ENABLE_DEBUG_INFO = NO;
				SDKROOT = iphoneos;
				SWIFT_COMPILATION_MODE = wholemodule;
				SWIFT_OPTIMIZATION_LEVEL = "-O";
				VALIDATE_PRODUCT = YES;
			};
			name = Release;
		};
		04DB9C3522B223D000D316E6 /* Debug */ = {
			isa = XCBuildConfiguration;
			buildSettings = {
				ASSETCATALOG_COMPILER_APPICON_NAME = AppIcon;
				CODE_SIGN_STYLE = Automatic;
				INFOPLIST_FILE = ProtocolAndDelegate_1/Info.plist;
				LD_RUNPATH_SEARCH_PATHS = (
					"$(inherited)",
					"@executable_path/Frameworks",
				);
				PRODUCT_BUNDLE_IDENTIFIER = "ssj.ProtocolAndDelegate-1";
				PRODUCT_NAME = "$(TARGET_NAME)";
				SWIFT_VERSION = 4.0;
				TARGETED_DEVICE_FAMILY = "1,2";
			};
			name = Debug;
		};
		04DB9C3622B223D000D316E6 /* Release */ = {
			isa = XCBuildConfiguration;
			buildSettings = {
				ASSETCATALOG_COMPILER_APPICON_NAME = AppIcon;
				CODE_SIGN_STYLE = Automatic;
				INFOPLIST_FILE = ProtocolAndDelegate_1/Info.plist;
				LD_RUNPATH_SEARCH_PATHS = (
					"$(inherited)",
					"@executable_path/Frameworks",
				);
				PRODUCT_BUNDLE_IDENTIFIER = "ssj.ProtocolAndDelegate-1";
				PRODUCT_NAME = "$(TARGET_NAME)";
				SWIFT_VERSION = 4.0;
				TARGETED_DEVICE_FAMILY = "1,2";
			};
			name = Release;
		};
		04DB9C3822B223D000D316E6 /* Debug */ = {
			isa = XCBuildConfiguration;
			buildSettings = {
				ALWAYS_EMBED_SWIFT_STANDARD_LIBRARIES = YES;
				BUNDLE_LOADER = "$(TEST_HOST)";
				CODE_SIGN_STYLE = Automatic;
				INFOPLIST_FILE = ProtocolAndDelegate_1Tests/Info.plist;
				LD_RUNPATH_SEARCH_PATHS = (
					"$(inherited)",
					"@executable_path/Frameworks",
					"@loader_path/Frameworks",
				);
				PRODUCT_BUNDLE_IDENTIFIER = "ssj.ProtocolAndDelegate-1Tests";
				PRODUCT_NAME = "$(TARGET_NAME)";
				SWIFT_VERSION = 4.0;
				TARGETED_DEVICE_FAMILY = "1,2";
				TEST_HOST = "$(BUILT_PRODUCTS_DIR)/ProtocolAndDelegate_1.app/ProtocolAndDelegate_1";
			};
			name = Debug;
		};
		04DB9C3922B223D000D316E6 /* Release */ = {
			isa = XCBuildConfiguration;
			buildSettings = {
				ALWAYS_EMBED_SWIFT_STANDARD_LIBRARIES = YES;
				BUNDLE_LOADER = "$(TEST_HOST)";
				CODE_SIGN_STYLE = Automatic;
				INFOPLIST_FILE = ProtocolAndDelegate_1Tests/Info.plist;
				LD_RUNPATH_SEARCH_PATHS = (
					"$(inherited)",
					"@executable_path/Frameworks",
					"@loader_path/Frameworks",
				);
				PRODUCT_BUNDLE_IDENTIFIER = "ssj.ProtocolAndDelegate-1Tests";
				PRODUCT_NAME = "$(TARGET_NAME)";
				SWIFT_VERSION = 4.0;
				TARGETED_DEVICE_FAMILY = "1,2";
				TEST_HOST = "$(BUILT_PRODUCTS_DIR)/ProtocolAndDelegate_1.app/ProtocolAndDelegate_1";
			};
			name = Release;
		};
		04DB9C3B22B223D000D316E6 /* Debug */ = {
			isa = XCBuildConfiguration;
			buildSettings = {
				ALWAYS_EMBED_SWIFT_STANDARD_LIBRARIES = YES;
				CODE_SIGN_STYLE = Automatic;
				INFOPLIST_FILE = ProtocolAndDelegate_1UITests/Info.plist;
				LD_RUNPATH_SEARCH_PATHS = (
					"$(inherited)",
					"@executable_path/Frameworks",
					"@loader_path/Frameworks",
				);
				PRODUCT_BUNDLE_IDENTIFIER = "ssj.ProtocolAndDelegate-1UITests";
				PRODUCT_NAME = "$(TARGET_NAME)";
				SWIFT_VERSION = 4.0;
				TARGETED_DEVICE_FAMILY = "1,2";
				TEST_TARGET_NAME = ProtocolAndDelegate_1;
			};
			name = Debug;
		};
		04DB9C3C22B223D000D316E6 /* Release */ = {
			isa = XCBuildConfiguration;
			buildSettings = {
				ALWAYS_EMBED_SWIFT_STANDARD_LIBRARIES = YES;
				CODE_SIGN_STYLE = Automatic;
				INFOPLIST_FILE = ProtocolAndDelegate_1UITests/Info.plist;
				LD_RUNPATH_SEARCH_PATHS = (
					"$(inherited)",
					"@executable_path/Frameworks",
					"@loader_path/Frameworks",
				);
				PRODUCT_BUNDLE_IDENTIFIER = "ssj.ProtocolAndDelegate-1UITests";
				PRODUCT_NAME = "$(TARGET_NAME)";
				SWIFT_VERSION = 4.0;
				TARGETED_DEVICE_FAMILY = "1,2";
				TEST_TARGET_NAME = ProtocolAndDelegate_1;
			};
			name = Release;
		};
/* End XCBuildConfiguration section */

/* Begin XCConfigurationList section */
		04DB9C0722B223CF00D316E6 /* Build configuration list for PBXProject "ProtocolAndDelegate_1" */ = {
			isa = XCConfigurationList;
			buildConfigurations = (
				04DB9C3222B223D000D316E6 /* Debug */,
				04DB9C3322B223D000D316E6 /* Release */,
			);
			defaultConfigurationIsVisible = 0;
			defaultConfigurationName = Release;
		};
		04DB9C3422B223D000D316E6 /* Build configuration list for PBXNativeTarget "ProtocolAndDelegate_1" */ = {
			isa = XCConfigurationList;
			buildConfigurations = (
				04DB9C3522B223D000D316E6 /* Debug */,
				04DB9C3622B223D000D316E6 /* Release */,
			);
			defaultConfigurationIsVisible = 0;
			defaultConfigurationName = Release;
		};
		04DB9C3722B223D000D316E6 /* Build configuration list for PBXNativeTarget "ProtocolAndDelegate_1Tests" */ = {
			isa = XCConfigurationList;
			buildConfigurations = (
				04DB9C3822B223D000D316E6 /* Debug */,
				04DB9C3922B223D000D316E6 /* Release */,
			);
			defaultConfigurationIsVisible = 0;
			defaultConfigurationName = Release;
		};
		04DB9C3A22B223D000D316E6 /* Build configuration list for PBXNativeTarget "ProtocolAndDelegate_1UITests" */ = {
			isa = XCConfigurationList;
			buildConfigurations = (
				04DB9C3B22B223D000D316E6 /* Debug */,
				04DB9C3C22B223D000D316E6 /* Release */,
			);
			defaultConfigurationIsVisible = 0;
			defaultConfigurationName = Release;
		};
/* End XCConfigurationList section */
	};
	rootObject = 04DB9C0422B223CF00D316E6 /* Project object */;
}
